
Microsoft Visual Studio Solution File, Format Version 12.00
# Visual Studio Version 17
VisualStudioVersion = 17.9.34607.119
MinimumVisualStudioVersion = 10.0.40219.1
Project("{FAE04EC0-301F-11D3-BF4B-00C04F79EFBC}") = "mmv", "mmv\mmv.csproj", "{E057C6D4-8C32-4C3D-87F2-9A1F7F5D0170}"
EndProject
Global
	GlobalSection(SolutionConfigurationPlatforms) = preSolution
		Debug|Any CPU = Debug|Any CPU
		Release|Any CPU = Release|Any CPU
	EndGlobalSection
	GlobalSection(ProjectConfigurationPlatforms) = postSolution
		{E057C6D4-8C32-4C3D-87F2-9A1F7F5D0170}.Debug|Any CPU.ActiveCfg = Debug|Any CPU
		{E057C6D4-8C32-4C3D-87F2-9A1F7F5D0170}.Debug|Any CPU.Build.0 = Debug|Any CPU
		{E057C6D4-8C32-4C3D-87F2-9A1F7F5D0170}.Release|Any CPU.ActiveCfg = Release|Any CPU
		{E057C6D4-8C32-4C3D-87F2-9A1F7F5D0170}.Release|Any CPU.Build.0 = Release|Any CPU
	EndGlobalSection
	GlobalSection(SolutionProperties) = preSolution
		HideSolutionNode = FALSE
	EndGlobalSection
	GlobalSection(ExtensibilityGlobals) = postSolution
		SolutionGuid = {54B78866-6504-4E6D-A7D3-56447780F474}
	EndGlobalSection
EndGlobal
